
Microsoft Visual Studio Solution File, Format Version 12.00
# Visual Studio Version 16
VisualStudioVersion = 16.0.29318.209
MinimumVisualStudioVersion = 10.0.40219.1
Project("{FAE04EC0-301F-11D3-BF4B-00C04F79EFBC}") = "l10_styles_and_templates", "l10_styles_and_templates\l10_styles_and_templates.csproj", "{4D335DDD-0622-4AA7-92D1-0EE262B1F8A4}"
EndProject
Global
	GlobalSection(SolutionConfigurationPlatforms) = preSolution
		Debug|Any CPU = Debug|Any CPU
		Release|Any CPU = Release|Any CPU
	EndGlobalSection
	GlobalSection(ProjectConfigurationPlatforms) = postSolution
		{4D335DDD-0622-4AA7-92D1-0EE262B1F8A4}.Debug|Any CPU.ActiveCfg = Debug|Any CPU
		{4D335DDD-0622-4AA7-92D1-0EE262B1F8A4}.Debug|Any CPU.Build.0 = Debug|Any CPU
		{4D335DDD-0622-4AA7-92D1-0EE262B1F8A4}.Release|Any CPU.ActiveCfg = Release|Any CPU
		{4D335DDD-0622-4AA7-92D1-0EE262B1F8A4}.Release|Any CPU.Build.0 = Release|Any CPU
	EndGlobalSection
	GlobalSection(SolutionProperties) = preSolution
		HideSolutionNode = FALSE
	EndGlobalSection
	GlobalSection(ExtensibilityGlobals) = postSolution
		SolutionGuid = {A7A84C79-4B73-4116-87A1-2763DFB2F5A1}
	EndGlobalSection
EndGlobal
